
Microsoft Visual Studio Solution File, Format Version 12.00
# Visual Studio Version 17
VisualStudioVersion = 17.8.34408.163
MinimumVisualStudioVersion = 10.0.40219.1
Project("{8BC9CEB8-8B4A-11D0-8D11-00A0C91BC942}") = "chapter8-x-quiz-question1", "chapter8-x-quiz-question1.vcxproj", "{A262DA4E-F609-47E2-AF8C-92A8CF8E918C}"
EndProject
Project("{2150E333-8FDC-42A3-9474-1A3956D46DE8}") = "Solution Items", "Solution Items", "{79F1EBE6-C05F-46DA-A7EE-34EFB404A038}"
	ProjectSection(SolutionItems) = preProject
		Question.md = Question.md
	EndProjectSection
EndProject
Global
	GlobalSection(SolutionConfigurationPlatforms) = preSolution
		Debug|x64 = Debug|x64
		Debug|x86 = Debug|x86
		Release|x64 = Release|x64
		Release|x86 = Release|x86
	EndGlobalSection
	GlobalSection(ProjectConfigurationPlatforms) = postSolution
		{A262DA4E-F609-47E2-AF8C-92A8CF8E918C}.Debug|x64.ActiveCfg = Debug|x64
		{A262DA4E-F609-47E2-AF8C-92A8CF8E918C}.Debug|x64.Build.0 = Debug|x64
		{A262DA4E-F609-47E2-AF8C-92A8CF8E918C}.Debug|x86.ActiveCfg = Debug|Win32
		{A262DA4E-F609-47E2-AF8C-92A8CF8E918C}.Debug|x86.Build.0 = Debug|Win32
		{A262DA4E-F609-47E2-AF8C-92A8CF8E918C}.Release|x64.ActiveCfg = Release|x64
		{A262DA4E-F609-47E2-AF8C-92A8CF8E918C}.Release|x64.Build.0 = Release|x64
		{A262DA4E-F609-47E2-AF8C-92A8CF8E918C}.Release|x86.ActiveCfg = Release|Win32
		{A262DA4E-F609-47E2-AF8C-92A8CF8E918C}.Release|x86.Build.0 = Release|Win32
	EndGlobalSection
	GlobalSection(SolutionProperties) = preSolution
		HideSolutionNode = FALSE
	EndGlobalSection
	GlobalSection(ExtensibilityGlobals) = postSolution
		SolutionGuid = {20685437-7262-4BD6-AD15-7F5352F24539}
	EndGlobalSection
EndGlobal
